
Microsoft Visual Studio Solution File, Format Version 12.00
# Visual Studio 15
VisualStudioVersion = 15.0.28307.1778
MinimumVisualStudioVersion = 10.0.40219.1
Project("{FAE04EC0-301F-11D3-BF4B-00C04F79EFBC}") = "QuickLock", "QuickLock\QuickLock.csproj", "{C344E87D-0D96-4035-B969-7ACB13B975D2}"
EndProject
Global
	GlobalSection(SolutionConfigurationPlatforms) = preSolution
		Debug|Any CPU = Debug|Any CPU
		Release|Any CPU = Release|Any CPU
	EndGlobalSection
	GlobalSection(ProjectConfigurationPlatforms) = postSolution
		{C344E87D-0D96-4035-B969-7ACB13B975D2}.Debug|Any CPU.ActiveCfg = Debug|Any CPU
		{C344E87D-0D96-4035-B969-7ACB13B975D2}.Debug|Any CPU.Build.0 = Debug|Any CPU
		{C344E87D-0D96-4035-B969-7ACB13B975D2}.Release|Any CPU.ActiveCfg = Release|Any CPU
		{C344E87D-0D96-4035-B969-7ACB13B975D2}.Release|Any CPU.Build.0 = Release|Any CPU
	EndGlobalSection
	GlobalSection(SolutionProperties) = preSolution
		HideSolutionNode = FALSE
	EndGlobalSection
	GlobalSection(ExtensibilityGlobals) = postSolution
		SolutionGuid = {E7B3A164-F413-4D59-B730-5C0F1001179D}
	EndGlobalSection
EndGlobal
